// !$*UTF8*$!
{
	archiveVersion = 1;
	classes = {
	};
	objectVersion = 56;
	objects = {

/* Begin PBXBuildFile section */
		425DF17F2A33A81600D9D91E /* EditProfileView.swift in Sources */ = {isa = PBXBuildFile; fileRef = 425DF17E2A33A81600D9D91E /* EditProfileView.swift */; };
		425DF1842A36F5F700D9D91E /* SDWebImageSwiftUI in Frameworks */ = {isa = PBXBuildFile; productRef = 425DF1832A36F5F700D9D91E /* SDWebImageSwiftUI */; };
		42B44DE22A338D1E00B5BF75 /* ImagePicker.swift in Sources */ = {isa = PBXBuildFile; fileRef = 42B44DE12A338D1E00B5BF75 /* ImagePicker.swift */; };
		42B44DE72A3393C300B5BF75 /* FirebaseAppCheck in Frameworks */ = {isa = PBXBuildFile; productRef = 42B44DE62A3393C300B5BF75 /* FirebaseAppCheck */; };
		42B44DE92A3393E300B5BF75 /* FirebaseFirestore in Frameworks */ = {isa = PBXBuildFile; productRef = 42B44DE82A3393E300B5BF75 /* FirebaseFirestore */; };
		42B44DEB2A3393F900B5BF75 /* FirebaseStorage in Frameworks */ = {isa = PBXBuildFile; productRef = 42B44DEA2A3393F900B5BF75 /* FirebaseStorage */; };
		73067CED2A32588100984D2E /* UserSignupView.swift in Sources */ = {isa = PBXBuildFile; fileRef = 73067CEC2A32588100984D2E /* UserSignupView.swift */; };
		736DC0282A314CE50049CD33 /* +View.swift in Sources */ = {isa = PBXBuildFile; fileRef = 736DC0272A314CE50049CD33 /* +View.swift */; };
		737440ED2A30F04D006CC9F7 /* GoogleService-Info.plist in Resources */ = {isa = PBXBuildFile; fileRef = 737440EC2A30F04D006CC9F7 /* GoogleService-Info.plist */; };
		737440F02A30F205006CC9F7 /* FirebaseAuth in Frameworks */ = {isa = PBXBuildFile; productRef = 737440EF2A30F205006CC9F7 /* FirebaseAuth */; };
		737440F32A30F3EB006CC9F7 /* AppDelegate.swift in Sources */ = {isa = PBXBuildFile; fileRef = 737440F22A30F3EB006CC9F7 /* AppDelegate.swift */; };
		737440F62A30F543006CC9F7 /* GoogleSignIn in Frameworks */ = {isa = PBXBuildFile; productRef = 737440F52A30F543006CC9F7 /* GoogleSignIn */; };
		737440F82A30F543006CC9F7 /* GoogleSignInSwift in Frameworks */ = {isa = PBXBuildFile; productRef = 737440F72A30F543006CC9F7 /* GoogleSignInSwift */; };
		7395A50F2A31442B00BA579C /* LocalStorage.swift in Sources */ = {isa = PBXBuildFile; fileRef = 7395A50E2A31442B00BA579C /* LocalStorage.swift */; };
		7395A5112A31444600BA579C /* BottomNavbarView.swift in Sources */ = {isa = PBXBuildFile; fileRef = 7395A5102A31444600BA579C /* BottomNavbarView.swift */; };
		7395A51A2A31454300BA579C /* ProfileView.swift in Sources */ = {isa = PBXBuildFile; fileRef = 7395A5162A31454300BA579C /* ProfileView.swift */; };
		7395A51B2A31454300BA579C /* ExploreView.swift in Sources */ = {isa = PBXBuildFile; fileRef = 7395A5152A31454300BA579C /* ExploreView.swift */; };
		7395A51C2A31454300BA579C /* HomeView.swift in Sources */ = {isa = PBXBuildFile; fileRef = 7395A5182A31454300BA579C /* HomeView.swift */; };
		7395A51D2A31454300BA579C /* JournalView.swift in Sources */ = {isa = PBXBuildFile; fileRef = 7395A5192A31454300BA579C /* JournalView.swift */; };
		73DD38942A30D51A0010FC2E /* PlanaryApp.swift in Sources */ = {isa = PBXBuildFile; fileRef = 73DD38932A30D51A0010FC2E /* PlanaryApp.swift */; };
		73DD38962A30D51A0010FC2E /* ContentView.swift in Sources */ = {isa = PBXBuildFile; fileRef = 73DD38952A30D51A0010FC2E /* ContentView.swift */; };
		73DD38982A30D51B0010FC2E /* Assets.xcassets in Resources */ = {isa = PBXBuildFile; fileRef = 73DD38972A30D51B0010FC2E /* Assets.xcassets */; };
		73DD389B2A30D51B0010FC2E /* Preview Assets.xcassets in Resources */ = {isa = PBXBuildFile; fileRef = 73DD389A2A30D51B0010FC2E /* Preview Assets.xcassets */; };
		73DD38A92A30D9EC0010FC2E /* Poppins-Regular.ttf in Resources */ = {isa = PBXBuildFile; fileRef = 73DD38A52A30D9EC0010FC2E /* Poppins-Regular.ttf */; };
		73DD38AA2A30D9ED0010FC2E /* Poppins-Bold.ttf in Resources */ = {isa = PBXBuildFile; fileRef = 73DD38A62A30D9EC0010FC2E /* Poppins-Bold.ttf */; };
		73DD38AB2A30D9ED0010FC2E /* Poppins-Medium.ttf in Resources */ = {isa = PBXBuildFile; fileRef = 73DD38A72A30D9EC0010FC2E /* Poppins-Medium.ttf */; };
		73DD38AC2A30D9ED0010FC2E /* Poppins-SemiBold.ttf in Resources */ = {isa = PBXBuildFile; fileRef = 73DD38A82A30D9EC0010FC2E /* Poppins-SemiBold.ttf */; };
		73DD38AE2A30DA460010FC2E /* Inter-VariableFont_slnt,wght.ttf in Resources */ = {isa = PBXBuildFile; fileRef = 73DD38AD2A30DA460010FC2E /* Inter-VariableFont_slnt,wght.ttf */; };
/* End PBXBuildFile section */

/* Begin PBXFileReference section */
		425DF17E2A33A81600D9D91E /* EditProfileView.swift */ = {isa = PBXFileReference; lastKnownFileType = sourcecode.swift; path = EditProfileView.swift; sourceTree = "<group>"; };
		42B44DE12A338D1E00B5BF75 /* ImagePicker.swift */ = {isa = PBXFileReference; lastKnownFileType = sourcecode.swift; path = ImagePicker.swift; sourceTree = "<group>"; };
		73067CEC2A32588100984D2E /* UserSignupView.swift */ = {isa = PBXFileReference; lastKnownFileType = sourcecode.swift; path = UserSignupView.swift; sourceTree = "<group>"; };
		736DC0272A314CE50049CD33 /* +View.swift */ = {isa = PBXFileReference; lastKnownFileType = sourcecode.swift; path = "+View.swift"; sourceTree = "<group>"; };
		737440EC2A30F04D006CC9F7 /* GoogleService-Info.plist */ = {isa = PBXFileReference; fileEncoding = 4; lastKnownFileType = text.plist.xml; path = "GoogleService-Info.plist"; sourceTree = "<group>"; };
		737440F22A30F3EB006CC9F7 /* AppDelegate.swift */ = {isa = PBXFileReference; lastKnownFileType = sourcecode.swift; path = AppDelegate.swift; sourceTree = "<group>"; };
		7395A50E2A31442B00BA579C /* LocalStorage.swift */ = {isa = PBXFileReference; fileEncoding = 4; lastKnownFileType = sourcecode.swift; path = LocalStorage.swift; sourceTree = "<group>"; };
		7395A5102A31444600BA579C /* BottomNavbarView.swift */ = {isa = PBXFileReference; fileEncoding = 4; lastKnownFileType = sourcecode.swift; path = BottomNavbarView.swift; sourceTree = "<group>"; };
		7395A5152A31454300BA579C /* ExploreView.swift */ = {isa = PBXFileReference; lastKnownFileType = sourcecode.swift; path = ExploreView.swift; sourceTree = "<group>"; };
		7395A5162A31454300BA579C /* ProfileView.swift */ = {isa = PBXFileReference; lastKnownFileType = sourcecode.swift; path = ProfileView.swift; sourceTree = "<group>"; };
		7395A5182A31454300BA579C /* HomeView.swift */ = {isa = PBXFileReference; lastKnownFileType = sourcecode.swift; path = HomeView.swift; sourceTree = "<group>"; };
		7395A5192A31454300BA579C /* JournalView.swift */ = {isa = PBXFileReference; lastKnownFileType = sourcecode.swift; path = JournalView.swift; sourceTree = "<group>"; };
		73DD38902A30D51A0010FC2E /* Planary.app */ = {isa = PBXFileReference; explicitFileType = wrapper.application; includeInIndex = 0; path = Planary.app; sourceTree = BUILT_PRODUCTS_DIR; };
		73DD38932A30D51A0010FC2E /* PlanaryApp.swift */ = {isa = PBXFileReference; lastKnownFileType = sourcecode.swift; path = PlanaryApp.swift; sourceTree = "<group>"; };
		73DD38952A30D51A0010FC2E /* ContentView.swift */ = {isa = PBXFileReference; lastKnownFileType = sourcecode.swift; path = ContentView.swift; sourceTree = "<group>"; };
		73DD38972A30D51B0010FC2E /* Assets.xcassets */ = {isa = PBXFileReference; lastKnownFileType = folder.assetcatalog; path = Assets.xcassets; sourceTree = "<group>"; };
		73DD389A2A30D51B0010FC2E /* Preview Assets.xcassets */ = {isa = PBXFileReference; lastKnownFileType = folder.assetcatalog; path = "Preview Assets.xcassets"; sourceTree = "<group>"; };
		73DD38A12A30D53C0010FC2E /* Info.plist */ = {isa = PBXFileReference; lastKnownFileType = text.plist; path = Info.plist; sourceTree = "<group>"; };
		73DD38A52A30D9EC0010FC2E /* Poppins-Regular.ttf */ = {isa = PBXFileReference; lastKnownFileType = file; path = "Poppins-Regular.ttf"; sourceTree = "<group>"; };
		73DD38A62A30D9EC0010FC2E /* Poppins-Bold.ttf */ = {isa = PBXFileReference; lastKnownFileType = file; path = "Poppins-Bold.ttf"; sourceTree = "<group>"; };
		73DD38A72A30D9EC0010FC2E /* Poppins-Medium.ttf */ = {isa = PBXFileReference; lastKnownFileType = file; path = "Poppins-Medium.ttf"; sourceTree = "<group>"; };
		73DD38A82A30D9EC0010FC2E /* Poppins-SemiBold.ttf */ = {isa = PBXFileReference; lastKnownFileType = file; path = "Poppins-SemiBold.ttf"; sourceTree = "<group>"; };
		73DD38AD2A30DA460010FC2E /* Inter-VariableFont_slnt,wght.ttf */ = {isa = PBXFileReference; lastKnownFileType = file; path = "Inter-VariableFont_slnt,wght.ttf"; sourceTree = "<group>"; };
/* End PBXFileReference section */

/* Begin PBXFrameworksBuildPhase section */
		73DD388D2A30D51A0010FC2E /* Frameworks */ = {
			isa = PBXFrameworksBuildPhase;
			buildActionMask = 2147483647;
			files = (
				425DF1842A36F5F700D9D91E /* SDWebImageSwiftUI in Frameworks */,
				42B44DE72A3393C300B5BF75 /* FirebaseAppCheck in Frameworks */,
				737440F82A30F543006CC9F7 /* GoogleSignInSwift in Frameworks */,
				737440F02A30F205006CC9F7 /* FirebaseAuth in Frameworks */,
				42B44DE92A3393E300B5BF75 /* FirebaseFirestore in Frameworks */,
				737440F62A30F543006CC9F7 /* GoogleSignIn in Frameworks */,
				42B44DEB2A3393F900B5BF75 /* FirebaseStorage in Frameworks */,
			);
			runOnlyForDeploymentPostprocessing = 0;
		};
/* End PBXFrameworksBuildPhase section */

/* Begin PBXGroup section */
		42B44DE52A3393C300B5BF75 /* Frameworks */ = {
			isa = PBXGroup;
			children = (
			);
			name = Frameworks;
			sourceTree = "<group>";
		};
		737440F12A30F3C0006CC9F7 /* Helper */ = {
			isa = PBXGroup;
			children = (
				737440F22A30F3EB006CC9F7 /* AppDelegate.swift */,
				736DC0272A314CE50049CD33 /* +View.swift */,
			);
			path = Helper;
			sourceTree = "<group>";
		};
		73DD38872A30D51A0010FC2E = {
			isa = PBXGroup;
			children = (
				737440F12A30F3C0006CC9F7 /* Helper */,
				73DD38A22A30D55E0010FC2E /* Fonts */,
				73DD38922A30D51A0010FC2E /* Planary */,
				73DD38912A30D51A0010FC2E /* Products */,
				42B44DE52A3393C300B5BF75 /* Frameworks */,
			);
			sourceTree = "<group>";
		};
		73DD38912A30D51A0010FC2E /* Products */ = {
			isa = PBXGroup;
			children = (
				73DD38902A30D51A0010FC2E /* Planary.app */,
			);
			name = Products;
			sourceTree = "<group>";
		};
		73DD38922A30D51A0010FC2E /* Planary */ = {
			isa = PBXGroup;
			children = (
				7395A5152A31454300BA579C /* ExploreView.swift */,
				7395A5182A31454300BA579C /* HomeView.swift */,
				7395A5192A31454300BA579C /* JournalView.swift */,
				7395A5162A31454300BA579C /* ProfileView.swift */,
				425DF17E2A33A81600D9D91E /* EditProfileView.swift */,
				7395A5102A31444600BA579C /* BottomNavbarView.swift */,
				42B44DE12A338D1E00B5BF75 /* ImagePicker.swift */,
				7395A50E2A31442B00BA579C /* LocalStorage.swift */,
				73DD38952A30D51A0010FC2E /* ContentView.swift */,
				73067CEC2A32588100984D2E /* UserSignupView.swift */,
				73DD38A12A30D53C0010FC2E /* Info.plist */,
				737440EC2A30F04D006CC9F7 /* GoogleService-Info.plist */,
				73DD38972A30D51B0010FC2E /* Assets.xcassets */,
				73DD38932A30D51A0010FC2E /* PlanaryApp.swift */,
				73DD38992A30D51B0010FC2E /* Preview Content */,
			);
			path = Planary;
			sourceTree = "<group>";
		};
		73DD38992A30D51B0010FC2E /* Preview Content */ = {
			isa = PBXGroup;
			children = (
				73DD389A2A30D51B0010FC2E /* Preview Assets.xcassets */,
			);
			path = "Preview Content";
			sourceTree = "<group>";
		};
		73DD38A22A30D55E0010FC2E /* Fonts */ = {
			isa = PBXGroup;
			children = (
				73DD38AD2A30DA460010FC2E /* Inter-VariableFont_slnt,wght.ttf */,
				73DD38A62A30D9EC0010FC2E /* Poppins-Bold.ttf */,
				73DD38A72A30D9EC0010FC2E /* Poppins-Medium.ttf */,
				73DD38A52A30D9EC0010FC2E /* Poppins-Regular.ttf */,
				73DD38A82A30D9EC0010FC2E /* Poppins-SemiBold.ttf */,
			);
			path = Fonts;
			sourceTree = "<group>";
		};
/* End PBXGroup section */

/* Begin PBXNativeTarget section */
		73DD388F2A30D51A0010FC2E /* Planary */ = {
			isa = PBXNativeTarget;
			buildConfigurationList = 73DD389E2A30D51B0010FC2E /* Build configuration list for PBXNativeTarget "Planary" */;
			buildPhases = (
				73DD388C2A30D51A0010FC2E /* Sources */,
				73DD388D2A30D51A0010FC2E /* Frameworks */,
				73DD388E2A30D51A0010FC2E /* Resources */,
			);
			buildRules = (
			);
			dependencies = (
			);
			name = Planary;
			packageProductDependencies = (
				737440EF2A30F205006CC9F7 /* FirebaseAuth */,
				737440F52A30F543006CC9F7 /* GoogleSignIn */,
				737440F72A30F543006CC9F7 /* GoogleSignInSwift */,
				42B44DE62A3393C300B5BF75 /* FirebaseAppCheck */,
				42B44DE82A3393E300B5BF75 /* FirebaseFirestore */,
				42B44DEA2A3393F900B5BF75 /* FirebaseStorage */,
				425DF1832A36F5F700D9D91E /* SDWebImageSwiftUI */,
			);
			productName = Planary;
			productReference = 73DD38902A30D51A0010FC2E /* Planary.app */;
			productType = "com.apple.product-type.application";
		};
/* End PBXNativeTarget section */

/* Begin PBXProject section */
		73DD38882A30D51A0010FC2E /* Project object */ = {
			isa = PBXProject;
			attributes = {
				BuildIndependentTargetsInParallel = 1;
				LastSwiftUpdateCheck = 1430;
				LastUpgradeCheck = 1430;
				TargetAttributes = {
					73DD388F2A30D51A0010FC2E = {
						CreatedOnToolsVersion = 14.3.1;
					};
				};
			};
			buildConfigurationList = 73DD388B2A30D51A0010FC2E /* Build configuration list for PBXProject "Planary" */;
			compatibilityVersion = "Xcode 14.0";
			developmentRegion = en;
			hasScannedForEncodings = 0;
			knownRegions = (
				en,
				Base,
			);
			mainGroup = 73DD38872A30D51A0010FC2E;
			packageReferences = (
				737440EE2A30F205006CC9F7 /* XCRemoteSwiftPackageReference "firebase-ios-sdk" */,
				737440F42A30F543006CC9F7 /* XCRemoteSwiftPackageReference "GoogleSignIn-iOS" */,
				425DF1822A36F5F700D9D91E /* XCRemoteSwiftPackageReference "SDWebImageSwiftUI" */,
			);
			productRefGroup = 73DD38912A30D51A0010FC2E /* Products */;
			projectDirPath = "";
			projectRoot = "";
			targets = (
				73DD388F2A30D51A0010FC2E /* Planary */,
			);
		};
/* End PBXProject section */

/* Begin PBXResourcesBuildPhase section */
		73DD388E2A30D51A0010FC2E /* Resources */ = {
			isa = PBXResourcesBuildPhase;
			buildActionMask = 2147483647;
			files = (
				73DD38A92A30D9EC0010FC2E /* Poppins-Regular.ttf in Resources */,
				73DD38AE2A30DA460010FC2E /* Inter-VariableFont_slnt,wght.ttf in Resources */,
				737440ED2A30F04D006CC9F7 /* GoogleService-Info.plist in Resources */,
				73DD389B2A30D51B0010FC2E /* Preview Assets.xcassets in Resources */,
				73DD38982A30D51B0010FC2E /* Assets.xcassets in Resources */,
				73DD38AC2A30D9ED0010FC2E /* Poppins-SemiBold.ttf in Resources */,
				73DD38AA2A30D9ED0010FC2E /* Poppins-Bold.ttf in Resources */,
				73DD38AB2A30D9ED0010FC2E /* Poppins-Medium.ttf in Resources */,
			);
			runOnlyForDeploymentPostprocessing = 0;
		};
/* End PBXResourcesBuildPhase section */

/* Begin PBXSourcesBuildPhase section */
		73DD388C2A30D51A0010FC2E /* Sources */ = {
			isa = PBXSourcesBuildPhase;
			buildActionMask = 2147483647;
			files = (
				7395A51B2A31454300BA579C /* ExploreView.swift in Sources */,
				425DF17F2A33A81600D9D91E /* EditProfileView.swift in Sources */,
				737440F32A30F3EB006CC9F7 /* AppDelegate.swift in Sources */,
				42B44DE22A338D1E00B5BF75 /* ImagePicker.swift in Sources */,
				73067CED2A32588100984D2E /* UserSignupView.swift in Sources */,
				7395A50F2A31442B00BA579C /* LocalStorage.swift in Sources */,
				7395A5112A31444600BA579C /* BottomNavbarView.swift in Sources */,
				73DD38962A30D51A0010FC2E /* ContentView.swift in Sources */,
				7395A51C2A31454300BA579C /* HomeView.swift in Sources */,
				7395A51D2A31454300BA579C /* JournalView.swift in Sources */,
				736DC0282A314CE50049CD33 /* +View.swift in Sources */,
				7395A51A2A31454300BA579C /* ProfileView.swift in Sources */,
				73DD38942A30D51A0010FC2E /* PlanaryApp.swift in Sources */,
			);
			runOnlyForDeploymentPostprocessing = 0;
		};
/* End PBXSourcesBuildPhase section */

/* Begin XCBuildConfiguration section */
		73DD389C2A30D51B0010FC2E /* Debug */ = {
			isa = XCBuildConfiguration;
			buildSettings = {
				ALWAYS_SEARCH_USER_PATHS = NO;
				CLANG_ANALYZER_NONNULL = YES;
				CLANG_ANALYZER_NUMBER_OBJECT_CONVERSION = YES_AGGRESSIVE;
				CLANG_CXX_LANGUAGE_STANDARD = "gnu++20";
				CLANG_ENABLE_MODULES = YES;
				CLANG_ENABLE_OBJC_ARC = YES;
				CLANG_ENABLE_OBJC_WEAK = YES;
				CLANG_WARN_BLOCK_CAPTURE_AUTORELEASING = YES;
				CLANG_WARN_BOOL_CONVERSION = YES;
				CLANG_WARN_COMMA = YES;
				CLANG_WARN_CONSTANT_CONVERSION = YES;
				CLANG_WARN_DEPRECATED_OBJC_IMPLEMENTATIONS = YES;
				CLANG_WARN_DIRECT_OBJC_ISA_USAGE = YES_ERROR;
				CLANG_WARN_DOCUMENTATION_COMMENTS = YES;
				CLANG_WARN_EMPTY_BODY = YES;
				CLANG_WARN_ENUM_CONVERSION = YES;
				CLANG_WARN_INFINITE_RECURSION = YES;
				CLANG_WARN_INT_CONVERSION = YES;
				CLANG_WARN_NON_LITERAL_NULL_CONVERSION = YES;
				CLANG_WARN_OBJC_IMPLICIT_RETAIN_SELF = YES;
				CLANG_WARN_OBJC_LITERAL_CONVERSION = YES;
				CLANG_WARN_OBJC_ROOT_CLASS = YES_ERROR;
				CLANG_WARN_QUOTED_INCLUDE_IN_FRAMEWORK_HEADER = YES;
				CLANG_WARN_RANGE_LOOP_ANALYSIS = YES;
				CLANG_WARN_STRICT_PROTOTYPES = YES;
				CLANG_WARN_SUSPICIOUS_MOVE = YES;
				CLANG_WARN_UNGUARDED_AVAILABILITY = YES_AGGRESSIVE;
				CLANG_WARN_UNREACHABLE_CODE = YES;
				CLANG_WARN__DUPLICATE_METHOD_MATCH = YES;
				COPY_PHASE_STRIP = NO;
				DEBUG_INFORMATION_FORMAT = dwarf;
				ENABLE_STRICT_OBJC_MSGSEND = YES;
				ENABLE_TESTABILITY = YES;
				GCC_C_LANGUAGE_STANDARD = gnu11;
				GCC_DYNAMIC_NO_PIC = NO;
				GCC_NO_COMMON_BLOCKS = YES;
				GCC_OPTIMIZATION_LEVEL = 0;
				GCC_PREPROCESSOR_DEFINITIONS = (
					"DEBUG=1",
					"$(inherited)",
				);
				GCC_WARN_64_TO_32_BIT_CONVERSION = YES;
				GCC_WARN_ABOUT_RETURN_TYPE = YES_ERROR;
				GCC_WARN_UNDECLARED_SELECTOR = YES;
				GCC_WARN_UNINITIALIZED_AUTOS = YES_AGGRESSIVE;
				GCC_WARN_UNUSED_FUNCTION = YES;
				GCC_WARN_UNUSED_VARIABLE = YES;
				IPHONEOS_DEPLOYMENT_TARGET = 16.4;
				MTL_ENABLE_DEBUG_INFO = INCLUDE_SOURCE;
				MTL_FAST_MATH = YES;
				ONLY_ACTIVE_ARCH = YES;
				SDKROOT = iphoneos;
				SWIFT_ACTIVE_COMPILATION_CONDITIONS = DEBUG;
				SWIFT_OPTIMIZATION_LEVEL = "-Onone";
			};
			name = Debug;
		};
		73DD389D2A30D51B0010FC2E /* Release */ = {
			isa = XCBuildConfiguration;
			buildSettings = {
				ALWAYS_SEARCH_USER_PATHS = NO;
				CLANG_ANALYZER_NONNULL = YES;
				CLANG_ANALYZER_NUMBER_OBJECT_CONVERSION = YES_AGGRESSIVE;
				CLANG_CXX_LANGUAGE_STANDARD = "gnu++20";
				CLANG_ENABLE_MODULES = YES;
				CLANG_ENABLE_OBJC_ARC = YES;
				CLANG_ENABLE_OBJC_WEAK = YES;
				CLANG_WARN_BLOCK_CAPTURE_AUTORELEASING = YES;
				CLANG_WARN_BOOL_CONVERSION = YES;
				CLANG_WARN_COMMA = YES;
				CLANG_WARN_CONSTANT_CONVERSION = YES;
				CLANG_WARN_DEPRECATED_OBJC_IMPLEMENTATIONS = YES;
				CLANG_WARN_DIRECT_OBJC_ISA_USAGE = YES_ERROR;
				CLANG_WARN_DOCUMENTATION_COMMENTS = YES;
				CLANG_WARN_EMPTY_BODY = YES;
				CLANG_WARN_ENUM_CONVERSION = YES;
				CLANG_WARN_INFINITE_RECURSION = YES;
				CLANG_WARN_INT_CONVERSION = YES;
				CLANG_WARN_NON_LITERAL_NULL_CONVERSION = YES;
				CLANG_WARN_OBJC_IMPLICIT_RETAIN_SELF = YES;
				CLANG_WARN_OBJC_LITERAL_CONVERSION = YES;
				CLANG_WARN_OBJC_ROOT_CLASS = YES_ERROR;
				CLANG_WARN_QUOTED_INCLUDE_IN_FRAMEWORK_HEADER = YES;
				CLANG_WARN_RANGE_LOOP_ANALYSIS = YES;
				CLANG_WARN_STRICT_PROTOTYPES = YES;
				CLANG_WARN_SUSPICIOUS_MOVE = YES;
				CLANG_WARN_UNGUARDED_AVAILABILITY = YES_AGGRESSIVE;
				CLANG_WARN_UNREACHABLE_CODE = YES;
				CLANG_WARN__DUPLICATE_METHOD_MATCH = YES;
				COPY_PHASE_STRIP = NO;
				DEBUG_INFORMATION_FORMAT = "dwarf-with-dsym";
				ENABLE_NS_ASSERTIONS = NO;
				ENABLE_STRICT_OBJC_MSGSEND = YES;
				GCC_C_LANGUAGE_STANDARD = gnu11;
				GCC_NO_COMMON_BLOCKS = YES;
				GCC_WARN_64_TO_32_BIT_CONVERSION = YES;
				GCC_WARN_ABOUT_RETURN_TYPE = YES_ERROR;
				GCC_WARN_UNDECLARED_SELECTOR = YES;
				GCC_WARN_UNINITIALIZED_AUTOS = YES_AGGRESSIVE;
				GCC_WARN_UNUSED_FUNCTION = YES;
				GCC_WARN_UNUSED_VARIABLE = YES;
				IPHONEOS_DEPLOYMENT_TARGET = 16.4;
				MTL_ENABLE_DEBUG_INFO = NO;
				MTL_FAST_MATH = YES;
				SDKROOT = iphoneos;
				SWIFT_COMPILATION_MODE = wholemodule;
				SWIFT_OPTIMIZATION_LEVEL = "-O";
				VALIDATE_PRODUCT = YES;
			};
			name = Release;
		};
		73DD389F2A30D51B0010FC2E /* Debug */ = {
			isa = XCBuildConfiguration;
			buildSettings = {
				ASSETCATALOG_COMPILER_APPICON_NAME = AppIcon;
				ASSETCATALOG_COMPILER_GLOBAL_ACCENT_COLOR_NAME = AccentColor;
				CODE_SIGN_STYLE = Automatic;
				CURRENT_PROJECT_VERSION = 1;
				DEVELOPMENT_ASSET_PATHS = "\"Planary/Preview Content\"";
				DEVELOPMENT_TEAM = 6A2KHQ3B3G;
				ENABLE_PREVIEWS = YES;
				GENERATE_INFOPLIST_FILE = YES;
				INFOPLIST_FILE = Planary/Info.plist;
				INFOPLIST_KEY_UIApplicationSceneManifest_Generation = YES;
				INFOPLIST_KEY_UIApplicationSupportsIndirectInputEvents = YES;
				INFOPLIST_KEY_UILaunchScreen_Generation = YES;
				INFOPLIST_KEY_UISupportedInterfaceOrientations_iPad = "UIInterfaceOrientationPortrait UIInterfaceOrientationPortraitUpsideDown UIInterfaceOrientationLandscapeLeft UIInterfaceOrientationLandscapeRight";
				INFOPLIST_KEY_UISupportedInterfaceOrientations_iPhone = "UIInterfaceOrientationPortrait UIInterfaceOrientationLandscapeLeft UIInterfaceOrientationLandscapeRight";
				LD_RUNPATH_SEARCH_PATHS = (
					"$(inherited)",
					"@executable_path/Frameworks",
				);
				MARKETING_VERSION = 1.0;
				PRODUCT_BUNDLE_IDENTIFIER = com.planary;
				PRODUCT_NAME = "$(TARGET_NAME)";
				SWIFT_EMIT_LOC_STRINGS = YES;
				SWIFT_VERSION = 5.0;
				TARGETED_DEVICE_FAMILY = "1,2";
			};
			name = Debug;
		};
		73DD38A02A30D51B0010FC2E /* Release */ = {
			isa = XCBuildConfiguration;
			buildSettings = {
				ASSETCATALOG_COMPILER_APPICON_NAME = AppIcon;
				ASSETCATALOG_COMPILER_GLOBAL_ACCENT_COLOR_NAME = AccentColor;
				CODE_SIGN_STYLE = Automatic;
				CURRENT_PROJECT_VERSION = 1;
				DEVELOPMENT_ASSET_PATHS = "\"Planary/Preview Content\"";
				DEVELOPMENT_TEAM = 6A2KHQ3B3G;
				ENABLE_PREVIEWS = YES;
				GENERATE_INFOPLIST_FILE = YES;
				INFOPLIST_FILE = Planary/Info.plist;
				INFOPLIST_KEY_UIApplicationSceneManifest_Generation = YES;
				INFOPLIST_KEY_UIApplicationSupportsIndirectInputEvents = YES;
				INFOPLIST_KEY_UILaunchScreen_Generation = YES;
				INFOPLIST_KEY_UISupportedInterfaceOrientations_iPad = "UIInterfaceOrientationPortrait UIInterfaceOrientationPortraitUpsideDown UIInterfaceOrientationLandscapeLeft UIInterfaceOrientationLandscapeRight";
				INFOPLIST_KEY_UISupportedInterfaceOrientations_iPhone = "UIInterfaceOrientationPortrait UIInterfaceOrientationLandscapeLeft UIInterfaceOrientationLandscapeRight";
				LD_RUNPATH_SEARCH_PATHS = (
					"$(inherited)",
					"@executable_path/Frameworks",
				);
				MARKETING_VERSION = 1.0;
				PRODUCT_BUNDLE_IDENTIFIER = com.planary;
				PRODUCT_NAME = "$(TARGET_NAME)";
				SWIFT_EMIT_LOC_STRINGS = YES;
				SWIFT_VERSION = 5.0;
				TARGETED_DEVICE_FAMILY = "1,2";
			};
			name = Release;
		};
/* End XCBuildConfiguration section */

/* Begin XCConfigurationList section */
		73DD388B2A30D51A0010FC2E /* Build configuration list for PBXProject "Planary" */ = {
			isa = XCConfigurationList;
			buildConfigurations = (
				73DD389C2A30D51B0010FC2E /* Debug */,
				73DD389D2A30D51B0010FC2E /* Release */,
			);
			defaultConfigurationIsVisible = 0;
			defaultConfigurationName = Release;
		};
		73DD389E2A30D51B0010FC2E /* Build configuration list for PBXNativeTarget "Planary" */ = {
			isa = XCConfigurationList;
			buildConfigurations = (
				73DD389F2A30D51B0010FC2E /* Debug */,
				73DD38A02A30D51B0010FC2E /* Release */,
			);
			defaultConfigurationIsVisible = 0;
			defaultConfigurationName = Release;
		};
/* End XCConfigurationList section */

/* Begin XCRemoteSwiftPackageReference section */
		425DF1822A36F5F700D9D91E /* XCRemoteSwiftPackageReference "SDWebImageSwiftUI" */ = {
			isa = XCRemoteSwiftPackageReference;
			repositoryURL = "https://github.com/SDWebImage/SDWebImageSwiftUI.git";
			requirement = {
				kind = upToNextMajorVersion;
				minimumVersion = 2.0.0;
			};
		};
		737440EE2A30F205006CC9F7 /* XCRemoteSwiftPackageReference "firebase-ios-sdk" */ = {
			isa = XCRemoteSwiftPackageReference;
			repositoryURL = "https://github.com/firebase/firebase-ios-sdk";
			requirement = {
				kind = upToNextMajorVersion;
				minimumVersion = 10.0.0;
			};
		};
		737440F42A30F543006CC9F7 /* XCRemoteSwiftPackageReference "GoogleSignIn-iOS" */ = {
			isa = XCRemoteSwiftPackageReference;
			repositoryURL = "https://github.com/google/GoogleSignIn-iOS.git";
			requirement = {
				kind = upToNextMajorVersion;
				minimumVersion = 7.0.0;
			};
		};
/* End XCRemoteSwiftPackageReference section */

/* Begin XCSwiftPackageProductDependency section */
		425DF1832A36F5F700D9D91E /* SDWebImageSwiftUI */ = {
			isa = XCSwiftPackageProductDependency;
			package = 425DF1822A36F5F700D9D91E /* XCRemoteSwiftPackageReference "SDWebImageSwiftUI" */;
			productName = SDWebImageSwiftUI;
		};
		42B44DE62A3393C300B5BF75 /* FirebaseAppCheck */ = {
			isa = XCSwiftPackageProductDependency;
			package = 737440EE2A30F205006CC9F7 /* XCRemoteSwiftPackageReference "firebase-ios-sdk" */;
			productName = FirebaseAppCheck;
		};
		42B44DE82A3393E300B5BF75 /* FirebaseFirestore */ = {
			isa = XCSwiftPackageProductDependency;
			package = 737440EE2A30F205006CC9F7 /* XCRemoteSwiftPackageReference "firebase-ios-sdk" */;
			productName = FirebaseFirestore;
		};
		42B44DEA2A3393F900B5BF75 /* FirebaseStorage */ = {
			isa = XCSwiftPackageProductDependency;
			package = 737440EE2A30F205006CC9F7 /* XCRemoteSwiftPackageReference "firebase-ios-sdk" */;
			productName = FirebaseStorage;
		};
		737440EF2A30F205006CC9F7 /* FirebaseAuth */ = {
			isa = XCSwiftPackageProductDependency;
			package = 737440EE2A30F205006CC9F7 /* XCRemoteSwiftPackageReference "firebase-ios-sdk" */;
			productName = FirebaseAuth;
		};
		737440F52A30F543006CC9F7 /* GoogleSignIn */ = {
			isa = XCSwiftPackageProductDependency;
			package = 737440F42A30F543006CC9F7 /* XCRemoteSwiftPackageReference "GoogleSignIn-iOS" */;
			productName = GoogleSignIn;
		};
		737440F72A30F543006CC9F7 /* GoogleSignInSwift */ = {
			isa = XCSwiftPackageProductDependency;
			package = 737440F42A30F543006CC9F7 /* XCRemoteSwiftPackageReference "GoogleSignIn-iOS" */;
			productName = GoogleSignInSwift;
		};
/* End XCSwiftPackageProductDependency section */
	};
	rootObject = 73DD38882A30D51A0010FC2E /* Project object */;
}
